
Microsoft Visual Studio Solution File, Format Version 12.00
# Visual Studio Version 16
VisualStudioVersion = 16.0.29509.3
MinimumVisualStudioVersion = 10.0.40219.1
Project("{9A19103F-16F7-4668-BE54-9A1E7A4F7556}") = "Util.DiagramDesigner", "Util.DiagramDesigner\Util.DiagramDesigner.csproj", "{3FC9F09D-83EA-4914-8980-A6B4C3352836}"
EndProject
Project("{9A19103F-16F7-4668-BE54-9A1E7A4F7556}") = "Fluent.Ribbon", "Fluent.Ribbon\Fluent.Ribbon\Fluent.Ribbon.csproj", "{8828180F-6840-4019-B151-336FD4CF89B0}"
EndProject
Project("{9A19103F-16F7-4668-BE54-9A1E7A4F7556}") = "WpfAnimatedGif", "WpfAnimatedGif\WpfAnimatedGif.csproj", "{95DFC433-5097-4F8C-881C-FC0ED172F14E}"
EndProject
Project("{9A19103F-16F7-4668-BE54-9A1E7A4F7556}") = "AIStudio.Wpf.ADiagram", "AIStudio.Wpf.ADiagram\AIStudio.Wpf.ADiagram.csproj", "{9D2DCA7D-9E0C-4E6E-ACD9-2CD18C75FE34}"
EndProject
Project("{9A19103F-16F7-4668-BE54-9A1E7A4F7556}") = "Fluent.Ribbon.Showcase", "Fluent.Ribbon\Fluent.Ribbon.Showcase\Fluent.Ribbon.Showcase.csproj", "{201885CE-BEEC-465E-B0CB-D416494DF611}"
EndProject
Project("{9A19103F-16F7-4668-BE54-9A1E7A4F7556}") = "Dragablz", "Dragablz\Dragablz\Dragablz.csproj", "{62608851-A3A1-467C-8FC2-4EA833BA94F7}"
EndProject
Project("{2150E333-8FDC-42A3-9474-1A3956D46DE8}") = "Fluent", "Fluent", "{3DCF79F7-3E2E-4104-B294-93FD574C985B}"
EndProject
Project("{2150E333-8FDC-42A3-9474-1A3956D46DE8}") = "Dragablz", "Dragablz", "{3F017B57-F43A-46AC-9265-D0619CEDF935}"
EndProject
Project("{9A19103F-16F7-4668-BE54-9A1E7A4F7556}") = "DragablzDemo", "Dragablz\DragablzDemo\DragablzDemo.csproj", "{CD59A633-9EFD-4B96-95DE-A3DD7E828BED}"
EndProject
Project("{2150E333-8FDC-42A3-9474-1A3956D46DE8}") = "zxing.core", "zxing.core", "{548B8B1E-71F1-439C-895D-9FA652FBEFFD}"
EndProject
Project("{9A19103F-16F7-4668-BE54-9A1E7A4F7556}") = "zxing.core", "zxing.core\zxing.core\zxing.core.csproj", "{112E5A66-F6AF-407B-B23E-EBD24C0084AB}"
EndProject
Project("{9A19103F-16F7-4668-BE54-9A1E7A4F7556}") = "WPFDemo", "zxing.core\WPFDemo\WPFDemo.csproj", "{DA299EFC-BC08-4FD7-8FA0-818057D6EF8E}"
EndProject
Project("{2150E333-8FDC-42A3-9474-1A3956D46DE8}") = "DragDrop", "DragDrop", "{734F752D-AADA-420D-966C-B2A1EDF220D4}"
EndProject
Project("{9A19103F-16F7-4668-BE54-9A1E7A4F7556}") = "GongSolutions.WPF.DragDrop", "gong-wpf-dragdrop\src\GongSolutions.WPF.DragDrop\GongSolutions.WPF.DragDrop.csproj", "{6B3EBB67-48DD-48DF-80F0-ED530D4724E2}"
EndProject
Project("{9A19103F-16F7-4668-BE54-9A1E7A4F7556}") = "Showcase.WPF.DragDrop", "gong-wpf-dragdrop\src\Showcase\Showcase.WPF.DragDrop.csproj", "{963E3D97-D75A-4096-81D3-1F28DB758254}"
EndProject
Global
	GlobalSection(SolutionConfigurationPlatforms) = preSolution
		Debug|Any CPU = Debug|Any CPU
		Release|Any CPU = Release|Any CPU
	EndGlobalSection
	GlobalSection(ProjectConfigurationPlatforms) = postSolution
		{3FC9F09D-83EA-4914-8980-A6B4C3352836}.Debug|Any CPU.ActiveCfg = Debug|Any CPU
		{3FC9F09D-83EA-4914-8980-A6B4C3352836}.Debug|Any CPU.Build.0 = Debug|Any CPU
		{3FC9F09D-83EA-4914-8980-A6B4C3352836}.Release|Any CPU.ActiveCfg = Release|Any CPU
		{3FC9F09D-83EA-4914-8980-A6B4C3352836}.Release|Any CPU.Build.0 = Release|Any CPU
		{8828180F-6840-4019-B151-336FD4CF89B0}.Debug|Any CPU.ActiveCfg = Debug|Any CPU
		{8828180F-6840-4019-B151-336FD4CF89B0}.Debug|Any CPU.Build.0 = Debug|Any CPU
		{8828180F-6840-4019-B151-336FD4CF89B0}.Release|Any CPU.ActiveCfg = Release|Any CPU
		{8828180F-6840-4019-B151-336FD4CF89B0}.Release|Any CPU.Build.0 = Release|Any CPU
		{95DFC433-5097-4F8C-881C-FC0ED172F14E}.Debug|Any CPU.ActiveCfg = Debug|Any CPU
		{95DFC433-5097-4F8C-881C-FC0ED172F14E}.Debug|Any CPU.Build.0 = Debug|Any CPU
		{95DFC433-5097-4F8C-881C-FC0ED172F14E}.Release|Any CPU.ActiveCfg = Release|Any CPU
		{95DFC433-5097-4F8C-881C-FC0ED172F14E}.Release|Any CPU.Build.0 = Release|Any CPU
		{9D2DCA7D-9E0C-4E6E-ACD9-2CD18C75FE34}.Debug|Any CPU.ActiveCfg = Debug|Any CPU
		{9D2DCA7D-9E0C-4E6E-ACD9-2CD18C75FE34}.Debug|Any CPU.Build.0 = Debug|Any CPU
		{9D2DCA7D-9E0C-4E6E-ACD9-2CD18C75FE34}.Release|Any CPU.ActiveCfg = Release|Any CPU
		{9D2DCA7D-9E0C-4E6E-ACD9-2CD18C75FE34}.Release|Any CPU.Build.0 = Release|Any CPU
		{201885CE-BEEC-465E-B0CB-D416494DF611}.Debug|Any CPU.ActiveCfg = Debug|Any CPU
		{201885CE-BEEC-465E-B0CB-D416494DF611}.Debug|Any CPU.Build.0 = Debug|Any CPU
		{201885CE-BEEC-465E-B0CB-D416494DF611}.Release|Any CPU.ActiveCfg = Release|Any CPU
		{201885CE-BEEC-465E-B0CB-D416494DF611}.Release|Any CPU.Build.0 = Release|Any CPU
		{62608851-A3A1-467C-8FC2-4EA833BA94F7}.Debug|Any CPU.ActiveCfg = Debug|Any CPU
		{62608851-A3A1-467C-8FC2-4EA833BA94F7}.Debug|Any CPU.Build.0 = Debug|Any CPU
		{62608851-A3A1-467C-8FC2-4EA833BA94F7}.Release|Any CPU.ActiveCfg = Release|Any CPU
		{62608851-A3A1-467C-8FC2-4EA833BA94F7}.Release|Any CPU.Build.0 = Release|Any CPU
		{CD59A633-9EFD-4B96-95DE-A3DD7E828BED}.Debug|Any CPU.ActiveCfg = Debug|Any CPU
		{CD59A633-9EFD-4B96-95DE-A3DD7E828BED}.Debug|Any CPU.Build.0 = Debug|Any CPU
		{CD59A633-9EFD-4B96-95DE-A3DD7E828BED}.Release|Any CPU.ActiveCfg = Release|Any CPU
		{CD59A633-9EFD-4B96-95DE-A3DD7E828BED}.Release|Any CPU.Build.0 = Release|Any CPU
		{112E5A66-F6AF-407B-B23E-EBD24C0084AB}.Debug|Any CPU.ActiveCfg = Debug|Any CPU
		{112E5A66-F6AF-407B-B23E-EBD24C0084AB}.Debug|Any CPU.Build.0 = Debug|Any CPU
		{112E5A66-F6AF-407B-B23E-EBD24C0084AB}.Release|Any CPU.ActiveCfg = Release|Any CPU
		{112E5A66-F6AF-407B-B23E-EBD24C0084AB}.Release|Any CPU.Build.0 = Release|Any CPU
		{DA299EFC-BC08-4FD7-8FA0-818057D6EF8E}.Debug|Any CPU.ActiveCfg = Debug|Any CPU
		{DA299EFC-BC08-4FD7-8FA0-818057D6EF8E}.Debug|Any CPU.Build.0 = Debug|Any CPU
		{DA299EFC-BC08-4FD7-8FA0-818057D6EF8E}.Release|Any CPU.ActiveCfg = Release|Any CPU
		{DA299EFC-BC08-4FD7-8FA0-818057D6EF8E}.Release|Any CPU.Build.0 = Release|Any CPU
		{6B3EBB67-48DD-48DF-80F0-ED530D4724E2}.Debug|Any CPU.ActiveCfg = Debug|Any CPU
		{6B3EBB67-48DD-48DF-80F0-ED530D4724E2}.Debug|Any CPU.Build.0 = Debug|Any CPU
		{6B3EBB67-48DD-48DF-80F0-ED530D4724E2}.Release|Any CPU.ActiveCfg = Release|Any CPU
		{6B3EBB67-48DD-48DF-80F0-ED530D4724E2}.Release|Any CPU.Build.0 = Release|Any CPU
		{963E3D97-D75A-4096-81D3-1F28DB758254}.Debug|Any CPU.ActiveCfg = Debug|Any CPU
		{963E3D97-D75A-4096-81D3-1F28DB758254}.Debug|Any CPU.Build.0 = Debug|Any CPU
		{963E3D97-D75A-4096-81D3-1F28DB758254}.Release|Any CPU.ActiveCfg = Release|Any CPU
		{963E3D97-D75A-4096-81D3-1F28DB758254}.Release|Any CPU.Build.0 = Release|Any CPU
	EndGlobalSection
	GlobalSection(SolutionProperties) = preSolution
		HideSolutionNode = FALSE
	EndGlobalSection
	GlobalSection(NestedProjects) = preSolution
		{8828180F-6840-4019-B151-336FD4CF89B0} = {3DCF79F7-3E2E-4104-B294-93FD574C985B}
		{201885CE-BEEC-465E-B0CB-D416494DF611} = {3DCF79F7-3E2E-4104-B294-93FD574C985B}
		{62608851-A3A1-467C-8FC2-4EA833BA94F7} = {3F017B57-F43A-46AC-9265-D0619CEDF935}
		{CD59A633-9EFD-4B96-95DE-A3DD7E828BED} = {3F017B57-F43A-46AC-9265-D0619CEDF935}
		{112E5A66-F6AF-407B-B23E-EBD24C0084AB} = {548B8B1E-71F1-439C-895D-9FA652FBEFFD}
		{DA299EFC-BC08-4FD7-8FA0-818057D6EF8E} = {548B8B1E-71F1-439C-895D-9FA652FBEFFD}
		{6B3EBB67-48DD-48DF-80F0-ED530D4724E2} = {734F752D-AADA-420D-966C-B2A1EDF220D4}
		{963E3D97-D75A-4096-81D3-1F28DB758254} = {734F752D-AADA-420D-966C-B2A1EDF220D4}
	EndGlobalSection
	GlobalSection(ExtensibilityGlobals) = postSolution
		SolutionGuid = {D30FC641-F06C-4E35-AEA5-48A9B6E59CE0}
	EndGlobalSection
EndGlobal
